
Microsoft Visual Studio Solution File, Format Version 12.00
# Visual Studio 15
VisualStudioVersion = 15.0.27130.2024
MinimumVisualStudioVersion = 10.0.40219.1
Project("{FAE04EC0-301F-11D3-BF4B-00C04F79EFBC}") = "ConsoleApp1", "ConsoleApp1\ConsoleApp1.csproj", "{97606BEC-ECA6-48CD-A730-009EDE542B15}"
EndProject
Project("{FAE04EC0-301F-11D3-BF4B-00C04F79EFBC}") = "UnitTestProject1", "UnitTestProject1\UnitTestProject1.csproj", "{AF93F19D-25A7-4F98-8427-7D63073CDE71}"
EndProject
Project("{FAE04EC0-301F-11D3-BF4B-00C04F79EFBC}") = "ToolsLibrary", "ClassLibrary1\ToolsLibrary.csproj", "{6DA54CF4-BF6F-4128-96E1-E300CB4EEEED}"
EndProject
Global
	GlobalSection(SolutionConfigurationPlatforms) = preSolution
		Debug|Any CPU = Debug|Any CPU
		Release|Any CPU = Release|Any CPU
	EndGlobalSection
	GlobalSection(ProjectConfigurationPlatforms) = postSolution
		{97606BEC-ECA6-48CD-A730-009EDE542B15}.Debug|Any CPU.ActiveCfg = Debug|Any CPU
		{97606BEC-ECA6-48CD-A730-009EDE542B15}.Debug|Any CPU.Build.0 = Debug|Any CPU
		{97606BEC-ECA6-48CD-A730-009EDE542B15}.Release|Any CPU.ActiveCfg = Release|Any CPU
		{97606BEC-ECA6-48CD-A730-009EDE542B15}.Release|Any CPU.Build.0 = Release|Any CPU
		{AF93F19D-25A7-4F98-8427-7D63073CDE71}.Debug|Any CPU.ActiveCfg = Debug|Any CPU
		{AF93F19D-25A7-4F98-8427-7D63073CDE71}.Debug|Any CPU.Build.0 = Debug|Any CPU
		{AF93F19D-25A7-4F98-8427-7D63073CDE71}.Release|Any CPU.ActiveCfg = Release|Any CPU
		{AF93F19D-25A7-4F98-8427-7D63073CDE71}.Release|Any CPU.Build.0 = Release|Any CPU
		{6DA54CF4-BF6F-4128-96E1-E300CB4EEEED}.Debug|Any CPU.ActiveCfg = Debug|Any CPU
		{6DA54CF4-BF6F-4128-96E1-E300CB4EEEED}.Debug|Any CPU.Build.0 = Debug|Any CPU
		{6DA54CF4-BF6F-4128-96E1-E300CB4EEEED}.Release|Any CPU.ActiveCfg = Release|Any CPU
		{6DA54CF4-BF6F-4128-96E1-E300CB4EEEED}.Release|Any CPU.Build.0 = Release|Any CPU
	EndGlobalSection
	GlobalSection(SolutionProperties) = preSolution
		HideSolutionNode = FALSE
	EndGlobalSection
	GlobalSection(ExtensibilityGlobals) = postSolution
		SolutionGuid = {1EC9ECB8-EAAE-4E65-B801-A6B0035324C2}
	EndGlobalSection
EndGlobal
